
Microsoft Visual Studio Solution File, Format Version 12.00
# Visual Studio Version 16
VisualStudioVersion = 16.0.28803.452
MinimumVisualStudioVersion = 10.0.40219.1
Project("{FAE04EC0-301F-11D3-BF4B-00C04F79EFBC}") = "OgrenciTakip.Business", "OgrenciTakip.Business\OgrenciTakip.Business.csproj", "{23B9F4E4-CC57-4790-8A5D-42B6685BF723}"
EndProject
Project("{FAE04EC0-301F-11D3-BF4B-00C04F79EFBC}") = "OgrenciTakip.UI.Win", "OgrenciTakip.UI.Win\OgrenciTakip.UI.Win.csproj", "{EE464F8A-981C-4782-B7F5-1B0ECF22205C}"
EndProject
Project("{FAE04EC0-301F-11D3-BF4B-00C04F79EFBC}") = "OgrenciTakip.Data", "OgrenciTakip.Data\OgrenciTakip.Data.csproj", "{C098AE62-E93A-401F-9B7C-24649B9DA64E}"
EndProject
Project("{FAE04EC0-301F-11D3-BF4B-00C04F79EFBC}") = "OgrenciTakip.Model", "OgrenciTakip.Model\OgrenciTakip.Model.csproj", "{42FB6AB1-6CB3-4F09-851E-D5D9FE557A10}"
EndProject
Project("{FAE04EC0-301F-11D3-BF4B-00C04F79EFBC}") = "OgrenciTakip.Common", "OgrenciTakip.Common\OgrenciTakip.Common.csproj", "{7CFEC9CB-9577-4D79-96B6-525503FA3B4D}"
EndProject
Project("{FAE04EC0-301F-11D3-BF4B-00C04F79EFBC}") = "OgrenciTakip.UI.Yonetim", "OgrenciTakip.UI.Yonetim\OgrenciTakip.UI.Yonetim.csproj", "{97225CB1-290B-4E41-AFF8-A9FA4E7B678F}"
EndProject
Project("{FAE04EC0-301F-11D3-BF4B-00C04F79EFBC}") = "OgrenciTakip.DataAccess", "OgrenciTakip.DataAccess\OgrenciTakip.DataAccess.csproj", "{826D367E-754C-4955-A9A7-B2381BA34FAB}"
EndProject
Global
	GlobalSection(SolutionConfigurationPlatforms) = preSolution
		Debug|Any CPU = Debug|Any CPU
		Release|Any CPU = Release|Any CPU
	EndGlobalSection
	GlobalSection(ProjectConfigurationPlatforms) = postSolution
		{23B9F4E4-CC57-4790-8A5D-42B6685BF723}.Debug|Any CPU.ActiveCfg = Debug|Any CPU
		{23B9F4E4-CC57-4790-8A5D-42B6685BF723}.Debug|Any CPU.Build.0 = Debug|Any CPU
		{23B9F4E4-CC57-4790-8A5D-42B6685BF723}.Release|Any CPU.ActiveCfg = Release|Any CPU
		{23B9F4E4-CC57-4790-8A5D-42B6685BF723}.Release|Any CPU.Build.0 = Release|Any CPU
		{EE464F8A-981C-4782-B7F5-1B0ECF22205C}.Debug|Any CPU.ActiveCfg = Debug|Any CPU
		{EE464F8A-981C-4782-B7F5-1B0ECF22205C}.Debug|Any CPU.Build.0 = Debug|Any CPU
		{EE464F8A-981C-4782-B7F5-1B0ECF22205C}.Release|Any CPU.ActiveCfg = Release|Any CPU
		{EE464F8A-981C-4782-B7F5-1B0ECF22205C}.Release|Any CPU.Build.0 = Release|Any CPU
		{C098AE62-E93A-401F-9B7C-24649B9DA64E}.Debug|Any CPU.ActiveCfg = Debug|Any CPU
		{C098AE62-E93A-401F-9B7C-24649B9DA64E}.Debug|Any CPU.Build.0 = Debug|Any CPU
		{C098AE62-E93A-401F-9B7C-24649B9DA64E}.Release|Any CPU.ActiveCfg = Release|Any CPU
		{C098AE62-E93A-401F-9B7C-24649B9DA64E}.Release|Any CPU.Build.0 = Release|Any CPU
		{42FB6AB1-6CB3-4F09-851E-D5D9FE557A10}.Debug|Any CPU.ActiveCfg = Debug|Any CPU
		{42FB6AB1-6CB3-4F09-851E-D5D9FE557A10}.Debug|Any CPU.Build.0 = Debug|Any CPU
		{42FB6AB1-6CB3-4F09-851E-D5D9FE557A10}.Release|Any CPU.ActiveCfg = Release|Any CPU
		{42FB6AB1-6CB3-4F09-851E-D5D9FE557A10}.Release|Any CPU.Build.0 = Release|Any CPU
		{7CFEC9CB-9577-4D79-96B6-525503FA3B4D}.Debug|Any CPU.ActiveCfg = Debug|Any CPU
		{7CFEC9CB-9577-4D79-96B6-525503FA3B4D}.Debug|Any CPU.Build.0 = Debug|Any CPU
		{7CFEC9CB-9577-4D79-96B6-525503FA3B4D}.Release|Any CPU.ActiveCfg = Release|Any CPU
		{7CFEC9CB-9577-4D79-96B6-525503FA3B4D}.Release|Any CPU.Build.0 = Release|Any CPU
		{97225CB1-290B-4E41-AFF8-A9FA4E7B678F}.Debug|Any CPU.ActiveCfg = Debug|Any CPU
		{97225CB1-290B-4E41-AFF8-A9FA4E7B678F}.Debug|Any CPU.Build.0 = Debug|Any CPU
		{97225CB1-290B-4E41-AFF8-A9FA4E7B678F}.Release|Any CPU.ActiveCfg = Release|Any CPU
		{97225CB1-290B-4E41-AFF8-A9FA4E7B678F}.Release|Any CPU.Build.0 = Release|Any CPU
		{826D367E-754C-4955-A9A7-B2381BA34FAB}.Debug|Any CPU.ActiveCfg = Debug|Any CPU
		{826D367E-754C-4955-A9A7-B2381BA34FAB}.Debug|Any CPU.Build.0 = Debug|Any CPU
		{826D367E-754C-4955-A9A7-B2381BA34FAB}.Release|Any CPU.ActiveCfg = Release|Any CPU
		{826D367E-754C-4955-A9A7-B2381BA34FAB}.Release|Any CPU.Build.0 = Release|Any CPU
	EndGlobalSection
	GlobalSection(SolutionProperties) = preSolution
		HideSolutionNode = FALSE
	EndGlobalSection
	GlobalSection(ExtensibilityGlobals) = postSolution
		SolutionGuid = {C1E87129-7F95-490F-AD35-45D6605F6F2D}
	EndGlobalSection
EndGlobal
